
Microsoft Visual Studio Solution File, Format Version 12.00
# Visual Studio Version 17
VisualStudioVersion = 17.1.32328.378
MinimumVisualStudioVersion = 10.0.40219.1
Project("{FAE04EC0-301F-11D3-BF4B-00C04F79EFBC}") = "Fornecon.WebAPI", "Fornecon.WebAPI\Fornecon.WebAPI.csproj", "{BA0F2C15-36A6-49D4-9B50-B995C951D525}"
EndProject
Global
	GlobalSection(SolutionConfigurationPlatforms) = preSolution
		Debug|Any CPU = Debug|Any CPU
		Release|Any CPU = Release|Any CPU
	EndGlobalSection
	GlobalSection(ProjectConfigurationPlatforms) = postSolution
		{BA0F2C15-36A6-49D4-9B50-B995C951D525}.Debug|Any CPU.ActiveCfg = Debug|Any CPU
		{BA0F2C15-36A6-49D4-9B50-B995C951D525}.Debug|Any CPU.Build.0 = Debug|Any CPU
		{BA0F2C15-36A6-49D4-9B50-B995C951D525}.Release|Any CPU.ActiveCfg = Release|Any CPU
		{BA0F2C15-36A6-49D4-9B50-B995C951D525}.Release|Any CPU.Build.0 = Release|Any CPU
	EndGlobalSection
	GlobalSection(SolutionProperties) = preSolution
		HideSolutionNode = FALSE
	EndGlobalSection
	GlobalSection(ExtensibilityGlobals) = postSolution
		SolutionGuid = {9C67D000-7F13-4DE4-8D5B-1AF5A8ED1218}
	EndGlobalSection
EndGlobal
